// !$*UTF8*$!
{
	archiveVersion = 1;
	classes = {
	};
	objectVersion = 50;
	objects = {

/* Begin PBXBuildFile section */
		A0870FA32138E26D00C08C8C /* AppDelegate.m in Sources */ = {isa = PBXBuildFile; fileRef = A0870FA22138E26D00C08C8C /* AppDelegate.m */; };
		A0870FA62138E26D00C08C8C /* ViewController.mm in Sources */ = {isa = PBXBuildFile; fileRef = A0870FA52138E26D00C08C8C /* ViewController.mm */; };
		A0870FA92138E26D00C08C8C /* Main.storyboard in Resources */ = {isa = PBXBuildFile; fileRef = A0870FA72138E26D00C08C8C /* Main.storyboard */; };
		A0870FAB2138E26F00C08C8C /* Assets.xcassets in Resources */ = {isa = PBXBuildFile; fileRef = A0870FAA2138E26F00C08C8C /* Assets.xcassets */; };
		A0870FAE2138E26F00C08C8C /* LaunchScreen.storyboard in Resources */ = {isa = PBXBuildFile; fileRef = A0870FAC2138E26F00C08C8C /* LaunchScreen.storyboard */; };
		A0870FB12138E26F00C08C8C /* main.m in Sources */ = {isa = PBXBuildFile; fileRef = A0870FB02138E26F00C08C8C /* main.m */; };
		A0870FBA213917FD00C08C8C /* BinaryTreeNode.m in Sources */ = {isa = PBXBuildFile; fileRef = A0870FB9213917FD00C08C8C /* BinaryTreeNode.m */; };
		A0870FBD2139183E00C08C8C /* BinaryTree.m in Sources */ = {isa = PBXBuildFile; fileRef = A0870FBC2139183E00C08C8C /* BinaryTree.m */; };
		A0870FC021393C7300C08C8C /* TreeNodeProperty.m in Sources */ = {isa = PBXBuildFile; fileRef = A0870FBF21393C7300C08C8C /* TreeNodeProperty.m */; };
		A0870FF021394EA500C08C8C /* LinkNode.m in Sources */ = {isa = PBXBuildFile; fileRef = A0870FEF21394EA500C08C8C /* LinkNode.m */; };
		A0870FF321394F1800C08C8C /* LinkTree.m in Sources */ = {isa = PBXBuildFile; fileRef = A0870FF221394F1800C08C8C /* LinkTree.m */; };
/* End PBXBuildFile section */

/* Begin PBXFileReference section */
		A0870F9E2138E26D00C08C8C /* reserveTest.app */ = {isa = PBXFileReference; explicitFileType = wrapper.application; includeInIndex = 0; path = reserveTest.app; sourceTree = BUILT_PRODUCTS_DIR; };
		A0870FA12138E26D00C08C8C /* AppDelegate.h */ = {isa = PBXFileReference; lastKnownFileType = sourcecode.c.h; path = AppDelegate.h; sourceTree = "<group>"; };
		A0870FA22138E26D00C08C8C /* AppDelegate.m */ = {isa = PBXFileReference; lastKnownFileType = sourcecode.c.objc; path = AppDelegate.m; sourceTree = "<group>"; };
		A0870FA42138E26D00C08C8C /* ViewController.h */ = {isa = PBXFileReference; lastKnownFileType = sourcecode.c.h; path = ViewController.h; sourceTree = "<group>"; };
		A0870FA52138E26D00C08C8C /* ViewController.mm */ = {isa = PBXFileReference; lastKnownFileType = sourcecode.cpp.objcpp; path = ViewController.mm; sourceTree = "<group>"; };
		A0870FA82138E26D00C08C8C /* Base */ = {isa = PBXFileReference; lastKnownFileType = file.storyboard; name = Base; path = Base.lproj/Main.storyboard; sourceTree = "<group>"; };
		A0870FAA2138E26F00C08C8C /* Assets.xcassets */ = {isa = PBXFileReference; lastKnownFileType = folder.assetcatalog; path = Assets.xcassets; sourceTree = "<group>"; };
		A0870FAD2138E26F00C08C8C /* Base */ = {isa = PBXFileReference; lastKnownFileType = file.storyboard; name = Base; path = Base.lproj/LaunchScreen.storyboard; sourceTree = "<group>"; };
		A0870FAF2138E26F00C08C8C /* Info.plist */ = {isa = PBXFileReference; lastKnownFileType = text.plist.xml; path = Info.plist; sourceTree = "<group>"; };
		A0870FB02138E26F00C08C8C /* main.m */ = {isa = PBXFileReference; lastKnownFileType = sourcecode.c.objc; path = main.m; sourceTree = "<group>"; };
		A0870FB8213917FD00C08C8C /* BinaryTreeNode.h */ = {isa = PBXFileReference; lastKnownFileType = sourcecode.c.h; path = BinaryTreeNode.h; sourceTree = "<group>"; };
		A0870FB9213917FD00C08C8C /* BinaryTreeNode.m */ = {isa = PBXFileReference; lastKnownFileType = sourcecode.c.objc; path = BinaryTreeNode.m; sourceTree = "<group>"; };
		A0870FBB2139183E00C08C8C /* BinaryTree.h */ = {isa = PBXFileReference; lastKnownFileType = sourcecode.c.h; path = BinaryTree.h; sourceTree = "<group>"; };
		A0870FBC2139183E00C08C8C /* BinaryTree.m */ = {isa = PBXFileReference; lastKnownFileType = sourcecode.c.objc; path = BinaryTree.m; sourceTree = "<group>"; };
		A0870FBE21393C7300C08C8C /* TreeNodeProperty.h */ = {isa = PBXFileReference; lastKnownFileType = sourcecode.c.h; path = TreeNodeProperty.h; sourceTree = "<group>"; };
		A0870FBF21393C7300C08C8C /* TreeNodeProperty.m */ = {isa = PBXFileReference; lastKnownFileType = sourcecode.c.objc; path = TreeNodeProperty.m; sourceTree = "<group>"; };
		A0870FEE21394EA500C08C8C /* LinkNode.h */ = {isa = PBXFileReference; lastKnownFileType = sourcecode.c.h; path = LinkNode.h; sourceTree = "<group>"; };
		A0870FEF21394EA500C08C8C /* LinkNode.m */ = {isa = PBXFileReference; lastKnownFileType = sourcecode.c.objc; path = LinkNode.m; sourceTree = "<group>"; };
		A0870FF121394F1800C08C8C /* LinkTree.h */ = {isa = PBXFileReference; lastKnownFileType = sourcecode.c.h; path = LinkTree.h; sourceTree = "<group>"; };
		A0870FF221394F1800C08C8C /* LinkTree.m */ = {isa = PBXFileReference; lastKnownFileType = sourcecode.c.objc; path = LinkTree.m; sourceTree = "<group>"; };
/* End PBXFileReference section */

/* Begin PBXFrameworksBuildPhase section */
		A0870F9B2138E26D00C08C8C /* Frameworks */ = {
			isa = PBXFrameworksBuildPhase;
			buildActionMask = 2147483647;
			files = (
			);
			runOnlyForDeploymentPostprocessing = 0;
		};
/* End PBXFrameworksBuildPhase section */

/* Begin PBXGroup section */
		A0870F952138E26D00C08C8C = {
			isa = PBXGroup;
			children = (
				A0870FA02138E26D00C08C8C /* reserveTest */,
				A0870F9F2138E26D00C08C8C /* Products */,
			);
			sourceTree = "<group>";
		};
		A0870F9F2138E26D00C08C8C /* Products */ = {
			isa = PBXGroup;
			children = (
				A0870F9E2138E26D00C08C8C /* reserveTest.app */,
			);
			name = Products;
			sourceTree = "<group>";
		};
		A0870FA02138E26D00C08C8C /* reserveTest */ = {
			isa = PBXGroup;
			children = (
				A0870FED21394E9300C08C8C /* link */,
				A0870FB7213917EA00C08C8C /* erchashu */,
				A0870FA12138E26D00C08C8C /* AppDelegate.h */,
				A0870FA22138E26D00C08C8C /* AppDelegate.m */,
				A0870FA42138E26D00C08C8C /* ViewController.h */,
				A0870FA52138E26D00C08C8C /* ViewController.mm */,
				A0870FA72138E26D00C08C8C /* Main.storyboard */,
				A0870FAA2138E26F00C08C8C /* Assets.xcassets */,
				A0870FAC2138E26F00C08C8C /* LaunchScreen.storyboard */,
				A0870FAF2138E26F00C08C8C /* Info.plist */,
				A0870FB02138E26F00C08C8C /* main.m */,
			);
			path = reserveTest;
			sourceTree = "<group>";
		};
		A0870FB7213917EA00C08C8C /* erchashu */ = {
			isa = PBXGroup;
			children = (
				A0870FB8213917FD00C08C8C /* BinaryTreeNode.h */,
				A0870FB9213917FD00C08C8C /* BinaryTreeNode.m */,
				A0870FBB2139183E00C08C8C /* BinaryTree.h */,
				A0870FBC2139183E00C08C8C /* BinaryTree.m */,
				A0870FBE21393C7300C08C8C /* TreeNodeProperty.h */,
				A0870FBF21393C7300C08C8C /* TreeNodeProperty.m */,
			);
			path = erchashu;
			sourceTree = "<group>";
		};
		A0870FED21394E9300C08C8C /* link */ = {
			isa = PBXGroup;
			children = (
				A0870FEE21394EA500C08C8C /* LinkNode.h */,
				A0870FEF21394EA500C08C8C /* LinkNode.m */,
				A0870FF121394F1800C08C8C /* LinkTree.h */,
				A0870FF221394F1800C08C8C /* LinkTree.m */,
			);
			path = link;
			sourceTree = "<group>";
		};
/* End PBXGroup section */

/* Begin PBXNativeTarget section */
		A0870F9D2138E26D00C08C8C /* reserveTest */ = {
			isa = PBXNativeTarget;
			buildConfigurationList = A0870FB42138E26F00C08C8C /* Build configuration list for PBXNativeTarget "reserveTest" */;
			buildPhases = (
				A0870F9A2138E26D00C08C8C /* Sources */,
				A0870F9B2138E26D00C08C8C /* Frameworks */,
				A0870F9C2138E26D00C08C8C /* Resources */,
			);
			buildRules = (
			);
			dependencies = (
			);
			name = reserveTest;
			productName = reserveTest;
			productReference = A0870F9E2138E26D00C08C8C /* reserveTest.app */;
			productType = "com.apple.product-type.application";
		};
/* End PBXNativeTarget section */

/* Begin PBXProject section */
		A0870F962138E26D00C08C8C /* Project object */ = {
			isa = PBXProject;
			attributes = {
				LastUpgradeCheck = 0940;
				ORGANIZATIONNAME = zhouwei;
				TargetAttributes = {
					A0870F9D2138E26D00C08C8C = {
						CreatedOnToolsVersion = 9.4.1;
					};
				};
			};
			buildConfigurationList = A0870F992138E26D00C08C8C /* Build configuration list for PBXProject "reserveTest" */;
			compatibilityVersion = "Xcode 9.3";
			developmentRegion = en;
			hasScannedForEncodings = 0;
			knownRegions = (
				en,
				Base,
			);
			mainGroup = A0870F952138E26D00C08C8C;
			productRefGroup = A0870F9F2138E26D00C08C8C /* Products */;
			projectDirPath = "";
			projectRoot = "";
			targets = (
				A0870F9D2138E26D00C08C8C /* reserveTest */,
			);
		};
/* End PBXProject section */

/* Begin PBXResourcesBuildPhase section */
		A0870F9C2138E26D00C08C8C /* Resources */ = {
			isa = PBXResourcesBuildPhase;
			buildActionMask = 2147483647;
			files = (
				A0870FAE2138E26F00C08C8C /* LaunchScreen.storyboard in Resources */,
				A0870FAB2138E26F00C08C8C /* Assets.xcassets in Resources */,
				A0870FA92138E26D00C08C8C /* Main.storyboard in Resources */,
			);
			runOnlyForDeploymentPostprocessing = 0;
		};
/* End PBXResourcesBuildPhase section */

/* Begin PBXSourcesBuildPhase section */
		A0870F9A2138E26D00C08C8C /* Sources */ = {
			isa = PBXSourcesBuildPhase;
			buildActionMask = 2147483647;
			files = (
				A0870FBD2139183E00C08C8C /* BinaryTree.m in Sources */,
				A0870FF021394EA500C08C8C /* LinkNode.m in Sources */,
				A0870FA62138E26D00C08C8C /* ViewController.mm in Sources */,
				A0870FF321394F1800C08C8C /* LinkTree.m in Sources */,
				A0870FC021393C7300C08C8C /* TreeNodeProperty.m in Sources */,
				A0870FB12138E26F00C08C8C /* main.m in Sources */,
				A0870FBA213917FD00C08C8C /* BinaryTreeNode.m in Sources */,
				A0870FA32138E26D00C08C8C /* AppDelegate.m in Sources */,
			);
			runOnlyForDeploymentPostprocessing = 0;
		};
/* End PBXSourcesBuildPhase section */

/* Begin PBXVariantGroup section */
		A0870FA72138E26D00C08C8C /* Main.storyboard */ = {
			isa = PBXVariantGroup;
			children = (
				A0870FA82138E26D00C08C8C /* Base */,
			);
			name = Main.storyboard;
			sourceTree = "<group>";
		};
		A0870FAC2138E26F00C08C8C /* LaunchScreen.storyboard */ = {
			isa = PBXVariantGroup;
			children = (
				A0870FAD2138E26F00C08C8C /* Base */,
			);
			name = LaunchScreen.storyboard;
			sourceTree = "<group>";
		};
/* End PBXVariantGroup section */

/* Begin XCBuildConfiguration section */
		A0870FB22138E26F00C08C8C /* Debug */ = {
			isa = XCBuildConfiguration;
			buildSettings = {
				ALWAYS_SEARCH_USER_PATHS = NO;
				CLANG_ANALYZER_NONNULL = YES;
				CLANG_ANALYZER_NUMBER_OBJECT_CONVERSION = YES_AGGRESSIVE;
				CLANG_CXX_LANGUAGE_STANDARD = "gnu++14";
				CLANG_CXX_LIBRARY = "libc++";
				CLANG_ENABLE_MODULES = YES;
				CLANG_ENABLE_OBJC_ARC = YES;
				CLANG_ENABLE_OBJC_WEAK = YES;
				CLANG_WARN_BLOCK_CAPTURE_AUTORELEASING = YES;
				CLANG_WARN_BOOL_CONVERSION = YES;
				CLANG_WARN_COMMA = YES;
				CLANG_WARN_CONSTANT_CONVERSION = YES;
				CLANG_WARN_DEPRECATED_OBJC_IMPLEMENTATIONS = YES;
				CLANG_WARN_DIRECT_OBJC_ISA_USAGE = YES_ERROR;
				CLANG_WARN_DOCUMENTATION_COMMENTS = YES;
				CLANG_WARN_EMPTY_BODY = YES;
				CLANG_WARN_ENUM_CONVERSION = YES;
				CLANG_WARN_INFINITE_RECURSION = YES;
				CLANG_WARN_INT_CONVERSION = YES;
				CLANG_WARN_NON_LITERAL_NULL_CONVERSION = YES;
				CLANG_WARN_OBJC_IMPLICIT_RETAIN_SELF = YES;
				CLANG_WARN_OBJC_LITERAL_CONVERSION = YES;
				CLANG_WARN_OBJC_ROOT_CLASS = YES_ERROR;
				CLANG_WARN_RANGE_LOOP_ANALYSIS = YES;
				CLANG_WARN_STRICT_PROTOTYPES = YES;
				CLANG_WARN_SUSPICIOUS_MOVE = YES;
				CLANG_WARN_UNGUARDED_AVAILABILITY = YES_AGGRESSIVE;
				CLANG_WARN_UNREACHABLE_CODE = YES;
				CLANG_WARN__DUPLICATE_METHOD_MATCH = YES;
				CODE_SIGN_IDENTITY = "iPhone Developer";
				COPY_PHASE_STRIP = NO;
				DEBUG_INFORMATION_FORMAT = dwarf;
				ENABLE_STRICT_OBJC_MSGSEND = YES;
				ENABLE_TESTABILITY = YES;
				GCC_C_LANGUAGE_STANDARD = gnu11;
				GCC_DYNAMIC_NO_PIC = NO;
				GCC_NO_COMMON_BLOCKS = YES;
				GCC_OPTIMIZATION_LEVEL = 0;
				GCC_PREPROCESSOR_DEFINITIONS = (
					"DEBUG=1",
					"$(inherited)",
				);
				GCC_WARN_64_TO_32_BIT_CONVERSION = YES;
				GCC_WARN_ABOUT_RETURN_TYPE = YES_ERROR;
				GCC_WARN_UNDECLARED_SELECTOR = YES;
				GCC_WARN_UNINITIALIZED_AUTOS = YES_AGGRESSIVE;
				GCC_WARN_UNUSED_FUNCTION = YES;
				GCC_WARN_UNUSED_VARIABLE = YES;
				IPHONEOS_DEPLOYMENT_TARGET = 11.4;
				MTL_ENABLE_DEBUG_INFO = YES;
				ONLY_ACTIVE_ARCH = YES;
				SDKROOT = iphoneos;
			};
			name = Debug;
		};
		A0870FB32138E26F00C08C8C /* Release */ = {
			isa = XCBuildConfiguration;
			buildSettings = {
				ALWAYS_SEARCH_USER_PATHS = NO;
				CLANG_ANALYZER_NONNULL = YES;
				CLANG_ANALYZER_NUMBER_OBJECT_CONVERSION = YES_AGGRESSIVE;
				CLANG_CXX_LANGUAGE_STANDARD = "gnu++14";
				CLANG_CXX_LIBRARY = "libc++";
				CLANG_ENABLE_MODULES = YES;
				CLANG_ENABLE_OBJC_ARC = YES;
				CLANG_ENABLE_OBJC_WEAK = YES;
				CLANG_WARN_BLOCK_CAPTURE_AUTORELEASING = YES;
				CLANG_WARN_BOOL_CONVERSION = YES;
				CLANG_WARN_COMMA = YES;
				CLANG_WARN_CONSTANT_CONVERSION = YES;
				CLANG_WARN_DEPRECATED_OBJC_IMPLEMENTATIONS = YES;
				CLANG_WARN_DIRECT_OBJC_ISA_USAGE = YES_ERROR;
				CLANG_WARN_DOCUMENTATION_COMMENTS = YES;
				CLANG_WARN_EMPTY_BODY = YES;
				CLANG_WARN_ENUM_CONVERSION = YES;
				CLANG_WARN_INFINITE_RECURSION = YES;
				CLANG_WARN_INT_CONVERSION = YES;
				CLANG_WARN_NON_LITERAL_NULL_CONVERSION = YES;
				CLANG_WARN_OBJC_IMPLICIT_RETAIN_SELF = YES;
				CLANG_WARN_OBJC_LITERAL_CONVERSION = YES;
				CLANG_WARN_OBJC_ROOT_CLASS = YES_ERROR;
				CLANG_WARN_RANGE_LOOP_ANALYSIS = YES;
				CLANG_WARN_STRICT_PROTOTYPES = YES;
				CLANG_WARN_SUSPICIOUS_MOVE = YES;
				CLANG_WARN_UNGUARDED_AVAILABILITY = YES_AGGRESSIVE;
				CLANG_WARN_UNREACHABLE_CODE = YES;
				CLANG_WARN__DUPLICATE_METHOD_MATCH = YES;
				CODE_SIGN_IDENTITY = "iPhone Developer";
				COPY_PHASE_STRIP = NO;
				DEBUG_INFORMATION_FORMAT = "dwarf-with-dsym";
				ENABLE_NS_ASSERTIONS = NO;
				ENABLE_STRICT_OBJC_MSGSEND = YES;
				GCC_C_LANGUAGE_STANDARD = gnu11;
				GCC_NO_COMMON_BLOCKS = YES;
				GCC_WARN_64_TO_32_BIT_CONVERSION = YES;
				GCC_WARN_ABOUT_RETURN_TYPE = YES_ERROR;
				GCC_WARN_UNDECLARED_SELECTOR = YES;
				GCC_WARN_UNINITIALIZED_AUTOS = YES_AGGRESSIVE;
				GCC_WARN_UNUSED_FUNCTION = YES;
				GCC_WARN_UNUSED_VARIABLE = YES;
				IPHONEOS_DEPLOYMENT_TARGET = 11.4;
				MTL_ENABLE_DEBUG_INFO = NO;
				SDKROOT = iphoneos;
				VALIDATE_PRODUCT = YES;
			};
			name = Release;
		};
		A0870FB52138E26F00C08C8C /* Debug */ = {
			isa = XCBuildConfiguration;
			buildSettings = {
				ASSETCATALOG_COMPILER_APPICON_NAME = AppIcon;
				CODE_SIGN_STYLE = Automatic;
				INFOPLIST_FILE = reserveTest/Info.plist;
				LD_RUNPATH_SEARCH_PATHS = (
					"$(inherited)",
					"@executable_path/Frameworks",
				);
				PRODUCT_BUNDLE_IDENTIFIER = dd.reserveTest;
				PRODUCT_NAME = "$(TARGET_NAME)";
				TARGETED_DEVICE_FAMILY = "1,2";
			};
			name = Debug;
		};
		A0870FB62138E26F00C08C8C /* Release */ = {
			isa = XCBuildConfiguration;
			buildSettings = {
				ASSETCATALOG_COMPILER_APPICON_NAME = AppIcon;
				CODE_SIGN_STYLE = Automatic;
				INFOPLIST_FILE = reserveTest/Info.plist;
				LD_RUNPATH_SEARCH_PATHS = (
					"$(inherited)",
					"@executable_path/Frameworks",
				);
				PRODUCT_BUNDLE_IDENTIFIER = dd.reserveTest;
				PRODUCT_NAME = "$(TARGET_NAME)";
				TARGETED_DEVICE_FAMILY = "1,2";
			};
			name = Release;
		};
/* End XCBuildConfiguration section */

/* Begin XCConfigurationList section */
		A0870F992138E26D00C08C8C /* Build configuration list for PBXProject "reserveTest" */ = {
			isa = XCConfigurationList;
			buildConfigurations = (
				A0870FB22138E26F00C08C8C /* Debug */,
				A0870FB32138E26F00C08C8C /* Release */,
			);
			defaultConfigurationIsVisible = 0;
			defaultConfigurationName = Release;
		};
		A0870FB42138E26F00C08C8C /* Build configuration list for PBXNativeTarget "reserveTest" */ = {
			isa = XCConfigurationList;
			buildConfigurations = (
				A0870FB52138E26F00C08C8C /* Debug */,
				A0870FB62138E26F00C08C8C /* Release */,
			);
			defaultConfigurationIsVisible = 0;
			defaultConfigurationName = Release;
		};
/* End XCConfigurationList section */
	};
	rootObject = A0870F962138E26D00C08C8C /* Project object */;
}
